// !$*UTF8*$!
{
	archiveVersion = 1;
	classes = {
	};
	objectVersion = 50;
	objects = {

/* Begin PBXBuildFile section */
		1D934F1923DF81F100F99AE0 /* AppDelegate.swift in Sources */ = {isa = PBXBuildFile; fileRef = 1D934F1823DF81F100F99AE0 /* AppDelegate.swift */; };
		1D934F1B23DF81F100F99AE0 /* SceneDelegate.swift in Sources */ = {isa = PBXBuildFile; fileRef = 1D934F1A23DF81F100F99AE0 /* SceneDelegate.swift */; };
		1D934F1D23DF81F100F99AE0 /* ContentView.swift in Sources */ = {isa = PBXBuildFile; fileRef = 1D934F1C23DF81F100F99AE0 /* ContentView.swift */; };
		1D934F1F23DF81F500F99AE0 /* Assets.xcassets in Resources */ = {isa = PBXBuildFile; fileRef = 1D934F1E23DF81F500F99AE0 /* Assets.xcassets */; };
		1D934F2223DF81F500F99AE0 /* Preview Assets.xcassets in Resources */ = {isa = PBXBuildFile; fileRef = 1D934F2123DF81F500F99AE0 /* Preview Assets.xcassets */; };
		1D934F2523DF81F500F99AE0 /* LaunchScreen.storyboard in Resources */ = {isa = PBXBuildFile; fileRef = 1D934F2323DF81F500F99AE0 /* LaunchScreen.storyboard */; };
/* End PBXBuildFile section */

/* Begin PBXFileReference section */
		1D934F1523DF81F100F99AE0 /* State&BindingPropertyWrappers.app */ = {isa = PBXFileReference; explicitFileType = wrapper.application; includeInIndex = 0; path = "State&BindingPropertyWrappers.app"; sourceTree = BUILT_PRODUCTS_DIR; };
		1D934F1823DF81F100F99AE0 /* AppDelegate.swift */ = {isa = PBXFileReference; lastKnownFileType = sourcecode.swift; path = AppDelegate.swift; sourceTree = "<group>"; };
		1D934F1A23DF81F100F99AE0 /* SceneDelegate.swift */ = {isa = PBXFileReference; lastKnownFileType = sourcecode.swift; path = SceneDelegate.swift; sourceTree = "<group>"; };
		1D934F1C23DF81F100F99AE0 /* ContentView.swift */ = {isa = PBXFileReference; lastKnownFileType = sourcecode.swift; path = ContentView.swift; sourceTree = "<group>"; };
		1D934F1E23DF81F500F99AE0 /* Assets.xcassets */ = {isa = PBXFileReference; lastKnownFileType = folder.assetcatalog; path = Assets.xcassets; sourceTree = "<group>"; };
		1D934F2123DF81F500F99AE0 /* Preview Assets.xcassets */ = {isa = PBXFileReference; lastKnownFileType = folder.assetcatalog; path = "Preview Assets.xcassets"; sourceTree = "<group>"; };
		1D934F2423DF81F500F99AE0 /* Base */ = {isa = PBXFileReference; lastKnownFileType = file.storyboard; name = Base; path = Base.lproj/LaunchScreen.storyboard; sourceTree = "<group>"; };
		1D934F2623DF81F500F99AE0 /* Info.plist */ = {isa = PBXFileReference; lastKnownFileType = text.plist.xml; path = Info.plist; sourceTree = "<group>"; };
/* End PBXFileReference section */

/* Begin PBXFrameworksBuildPhase section */
		1D934F1223DF81F100F99AE0 /* Frameworks */ = {
			isa = PBXFrameworksBuildPhase;
			buildActionMask = 2147483647;
			files = (
			);
			runOnlyForDeploymentPostprocessing = 0;
		};
/* End PBXFrameworksBuildPhase section */

/* Begin PBXGroup section */
		1D934F0C23DF81F100F99AE0 = {
			isa = PBXGroup;
			children = (
				1D934F1723DF81F100F99AE0 /* State&BindingPropertyWrappers */,
				1D934F1623DF81F100F99AE0 /* Products */,
			);
			sourceTree = "<group>";
		};
		1D934F1623DF81F100F99AE0 /* Products */ = {
			isa = PBXGroup;
			children = (
				1D934F1523DF81F100F99AE0 /* State&BindingPropertyWrappers.app */,
			);
			name = Products;
			sourceTree = "<group>";
		};
		1D934F1723DF81F100F99AE0 /* State&BindingPropertyWrappers */ = {
			isa = PBXGroup;
			children = (
				1D934F1823DF81F100F99AE0 /* AppDelegate.swift */,
				1D934F1A23DF81F100F99AE0 /* SceneDelegate.swift */,
				1D934F1C23DF81F100F99AE0 /* ContentView.swift */,
				1D934F1E23DF81F500F99AE0 /* Assets.xcassets */,
				1D934F2323DF81F500F99AE0 /* LaunchScreen.storyboard */,
				1D934F2623DF81F500F99AE0 /* Info.plist */,
				1D934F2023DF81F500F99AE0 /* Preview Content */,
			);
			path = "State&BindingPropertyWrappers";
			sourceTree = "<group>";
		};
		1D934F2023DF81F500F99AE0 /* Preview Content */ = {
			isa = PBXGroup;
			children = (
				1D934F2123DF81F500F99AE0 /* Preview Assets.xcassets */,
			);
			path = "Preview Content";
			sourceTree = "<group>";
		};
/* End PBXGroup section */

/* Begin PBXNativeTarget section */
		1D934F1423DF81F100F99AE0 /* State&BindingPropertyWrappers */ = {
			isa = PBXNativeTarget;
			buildConfigurationList = 1D934F2923DF81F500F99AE0 /* Build configuration list for PBXNativeTarget "State&BindingPropertyWrappers" */;
			buildPhases = (
				1D934F1123DF81F100F99AE0 /* Sources */,
				1D934F1223DF81F100F99AE0 /* Frameworks */,
				1D934F1323DF81F100F99AE0 /* Resources */,
			);
			buildRules = (
			);
			dependencies = (
			);
			name = "State&BindingPropertyWrappers";
			productName = "State&BindingPropertyWrappers";
			productReference = 1D934F1523DF81F100F99AE0 /* State&BindingPropertyWrappers.app */;
			productType = "com.apple.product-type.application";
		};
/* End PBXNativeTarget section */

/* Begin PBXProject section */
		1D934F0D23DF81F100F99AE0 /* Project object */ = {
			isa = PBXProject;
			attributes = {
				LastSwiftUpdateCheck = 1130;
				LastUpgradeCheck = 1130;
				ORGANIZATIONNAME = "Ramill Ibragimov";
				TargetAttributes = {
					1D934F1423DF81F100F99AE0 = {
						CreatedOnToolsVersion = 11.3.1;
					};
				};
			};
			buildConfigurationList = 1D934F1023DF81F100F99AE0 /* Build configuration list for PBXProject "State&BindingPropertyWrappers" */;
			compatibilityVersion = "Xcode 9.3";
			developmentRegion = en;
			hasScannedForEncodings = 0;
			knownRegions = (
				en,
				Base,
			);
			mainGroup = 1D934F0C23DF81F100F99AE0;
			productRefGroup = 1D934F1623DF81F100F99AE0 /* Products */;
			projectDirPath = "";
			projectRoot = "";
			targets = (
				1D934F1423DF81F100F99AE0 /* State&BindingPropertyWrappers */,
			);
		};
/* End PBXProject section */

/* Begin PBXResourcesBuildPhase section */
		1D934F1323DF81F100F99AE0 /* Resources */ = {
			isa = PBXResourcesBuildPhase;
			buildActionMask = 2147483647;
			files = (
				1D934F2523DF81F500F99AE0 /* LaunchScreen.storyboard in Resources */,
				1D934F2223DF81F500F99AE0 /* Preview Assets.xcassets in Resources */,
				1D934F1F23DF81F500F99AE0 /* Assets.xcassets in Resources */,
			);
			runOnlyForDeploymentPostprocessing = 0;
		};
/* End PBXResourcesBuildPhase section */

/* Begin PBXSourcesBuildPhase section */
		1D934F1123DF81F100F99AE0 /* Sources */ = {
			isa = PBXSourcesBuildPhase;
			buildActionMask = 2147483647;
			files = (
				1D934F1923DF81F100F99AE0 /* AppDelegate.swift in Sources */,
				1D934F1B23DF81F100F99AE0 /* SceneDelegate.swift in Sources */,
				1D934F1D23DF81F100F99AE0 /* ContentView.swift in Sources */,
			);
			runOnlyForDeploymentPostprocessing = 0;
		};
/* End PBXSourcesBuildPhase section */

/* Begin PBXVariantGroup section */
		1D934F2323DF81F500F99AE0 /* LaunchScreen.storyboard */ = {
			isa = PBXVariantGroup;
			children = (
				1D934F2423DF81F500F99AE0 /* Base */,
			);
			name = LaunchScreen.storyboard;
			sourceTree = "<group>";
		};
/* End PBXVariantGroup section */

/* Begin XCBuildConfiguration section */
		1D934F2723DF81F500F99AE0 /* Debug */ = {
			isa = XCBuildConfiguration;
			buildSettings = {
				ALWAYS_SEARCH_USER_PATHS = NO;
				CLANG_ANALYZER_NONNULL = YES;
				CLANG_ANALYZER_NUMBER_OBJECT_CONVERSION = YES_AGGRESSIVE;
				CLANG_CXX_LANGUAGE_STANDARD = "gnu++14";
				CLANG_CXX_LIBRARY = "libc++";
				CLANG_ENABLE_MODULES = YES;
				CLANG_ENABLE_OBJC_ARC = YES;
				CLANG_ENABLE_OBJC_WEAK = YES;
				CLANG_WARN_BLOCK_CAPTURE_AUTORELEASING = YES;
				CLANG_WARN_BOOL_CONVERSION = YES;
				CLANG_WARN_COMMA = YES;
				CLANG_WARN_CONSTANT_CONVERSION = YES;
				CLANG_WARN_DEPRECATED_OBJC_IMPLEMENTATIONS = YES;
				CLANG_WARN_DIRECT_OBJC_ISA_USAGE = YES_ERROR;
				CLANG_WARN_DOCUMENTATION_COMMENTS = YES;
				CLANG_WARN_EMPTY_BODY = YES;
				CLANG_WARN_ENUM_CONVERSION = YES;
				CLANG_WARN_INFINITE_RECURSION = YES;
				CLANG_WARN_INT_CONVERSION = YES;
				CLANG_WARN_NON_LITERAL_NULL_CONVERSION = YES;
				CLANG_WARN_OBJC_IMPLICIT_RETAIN_SELF = YES;
				CLANG_WARN_OBJC_LITERAL_CONVERSION = YES;
				CLANG_WARN_OBJC_ROOT_CLASS = YES_ERROR;
				CLANG_WARN_RANGE_LOOP_ANALYSIS = YES;
				CLANG_WARN_STRICT_PROTOTYPES = YES;
				CLANG_WARN_SUSPICIOUS_MOVE = YES;
				CLANG_WARN_UNGUARDED_AVAILABILITY = YES_AGGRESSIVE;
				CLANG_WARN_UNREACHABLE_CODE = YES;
				CLANG_WARN__DUPLICATE_METHOD_MATCH = YES;
				COPY_PHASE_STRIP = NO;
				DEBUG_INFORMATION_FORMAT = dwarf;
				ENABLE_STRICT_OBJC_MSGSEND = YES;
				ENABLE_TESTABILITY = YES;
				GCC_C_LANGUAGE_STANDARD = gnu11;
				GCC_DYNAMIC_NO_PIC = NO;
				GCC_NO_COMMON_BLOCKS = YES;
				GCC_OPTIMIZATION_LEVEL = 0;
				GCC_PREPROCESSOR_DEFINITIONS = (
					"DEBUG=1",
					"$(inherited)",
				);
				GCC_WARN_64_TO_32_BIT_CONVERSION = YES;
				GCC_WARN_ABOUT_RETURN_TYPE = YES_ERROR;
				GCC_WARN_UNDECLARED_SELECTOR = YES;
				GCC_WARN_UNINITIALIZED_AUTOS = YES_AGGRESSIVE;
				GCC_WARN_UNUSED_FUNCTION = YES;
				GCC_WARN_UNUSED_VARIABLE = YES;
				IPHONEOS_DEPLOYMENT_TARGET = 13.2;
				MTL_ENABLE_DEBUG_INFO = INCLUDE_SOURCE;
				MTL_FAST_MATH = YES;
				ONLY_ACTIVE_ARCH = YES;
				SDKROOT = iphoneos;
				SWIFT_ACTIVE_COMPILATION_CONDITIONS = DEBUG;
				SWIFT_OPTIMIZATION_LEVEL = "-Onone";
			};
			name = Debug;
		};
		1D934F2823DF81F500F99AE0 /* Release */ = {
			isa = XCBuildConfiguration;
			buildSettings = {
				ALWAYS_SEARCH_USER_PATHS = NO;
				CLANG_ANALYZER_NONNULL = YES;
				CLANG_ANALYZER_NUMBER_OBJECT_CONVERSION = YES_AGGRESSIVE;
				CLANG_CXX_LANGUAGE_STANDARD = "gnu++14";
				CLANG_CXX_LIBRARY = "libc++";
				CLANG_ENABLE_MODULES = YES;
				CLANG_ENABLE_OBJC_ARC = YES;
				CLANG_ENABLE_OBJC_WEAK = YES;
				CLANG_WARN_BLOCK_CAPTURE_AUTORELEASING = YES;
				CLANG_WARN_BOOL_CONVERSION = YES;
				CLANG_WARN_COMMA = YES;
				CLANG_WARN_CONSTANT_CONVERSION = YES;
				CLANG_WARN_DEPRECATED_OBJC_IMPLEMENTATIONS = YES;
				CLANG_WARN_DIRECT_OBJC_ISA_USAGE = YES_ERROR;
				CLANG_WARN_DOCUMENTATION_COMMENTS = YES;
				CLANG_WARN_EMPTY_BODY = YES;
				CLANG_WARN_ENUM_CONVERSION = YES;
				CLANG_WARN_INFINITE_RECURSION = YES;
				CLANG_WARN_INT_CONVERSION = YES;
				CLANG_WARN_NON_LITERAL_NULL_CONVERSION = YES;
				CLANG_WARN_OBJC_IMPLICIT_RETAIN_SELF = YES;
				CLANG_WARN_OBJC_LITERAL_CONVERSION = YES;
				CLANG_WARN_OBJC_ROOT_CLASS = YES_ERROR;
				CLANG_WARN_RANGE_LOOP_ANALYSIS = YES;
				CLANG_WARN_STRICT_PROTOTYPES = YES;
				CLANG_WARN_SUSPICIOUS_MOVE = YES;
				CLANG_WARN_UNGUARDED_AVAILABILITY = YES_AGGRESSIVE;
				CLANG_WARN_UNREACHABLE_CODE = YES;
				CLANG_WARN__DUPLICATE_METHOD_MATCH = YES;
				COPY_PHASE_STRIP = NO;
				DEBUG_INFORMATION_FORMAT = "dwarf-with-dsym";
				ENABLE_NS_ASSERTIONS = NO;
				ENABLE_STRICT_OBJC_MSGSEND = YES;
				GCC_C_LANGUAGE_STANDARD = gnu11;
				GCC_NO_COMMON_BLOCKS = YES;
				GCC_WARN_64_TO_32_BIT_CONVERSION = YES;
				GCC_WARN_ABOUT_RETURN_TYPE = YES_ERROR;
				GCC_WARN_UNDECLARED_SELECTOR = YES;
				GCC_WARN_UNINITIALIZED_AUTOS = YES_AGGRESSIVE;
				GCC_WARN_UNUSED_FUNCTION = YES;
				GCC_WARN_UNUSED_VARIABLE = YES;
				IPHONEOS_DEPLOYMENT_TARGET = 13.2;
				MTL_ENABLE_DEBUG_INFO = NO;
				MTL_FAST_MATH = YES;
				SDKROOT = iphoneos;
				SWIFT_COMPILATION_MODE = wholemodule;
				SWIFT_OPTIMIZATION_LEVEL = "-O";
				VALIDATE_PRODUCT = YES;
			};
			name = Release;
		};
		1D934F2A23DF81F500F99AE0 /* Debug */ = {
			isa = XCBuildConfiguration;
			buildSettings = {
				ASSETCATALOG_COMPILER_APPICON_NAME = AppIcon;
				CODE_SIGN_STYLE = Automatic;
				DEVELOPMENT_ASSET_PATHS = "\"State&BindingPropertyWrappers/Preview Content\"";
				DEVELOPMENT_TEAM = L8W86DZDY2;
				ENABLE_PREVIEWS = YES;
				INFOPLIST_FILE = "State&BindingPropertyWrappers/Info.plist";
				LD_RUNPATH_SEARCH_PATHS = (
					"$(inherited)",
					"@executable_path/Frameworks",
				);
				PRODUCT_BUNDLE_IDENTIFIER = "com.ri.State-BindingPropertyWrappers";
				PRODUCT_NAME = "$(TARGET_NAME)";
				SWIFT_VERSION = 5.0;
				TARGETED_DEVICE_FAMILY = "1,2";
			};
			name = Debug;
		};
		1D934F2B23DF81F500F99AE0 /* Release */ = {
			isa = XCBuildConfiguration;
			buildSettings = {
				ASSETCATALOG_COMPILER_APPICON_NAME = AppIcon;
				CODE_SIGN_STYLE = Automatic;
				DEVELOPMENT_ASSET_PATHS = "\"State&BindingPropertyWrappers/Preview Content\"";
				DEVELOPMENT_TEAM = L8W86DZDY2;
				ENABLE_PREVIEWS = YES;
				INFOPLIST_FILE = "State&BindingPropertyWrappers/Info.plist";
				LD_RUNPATH_SEARCH_PATHS = (
					"$(inherited)",
					"@executable_path/Frameworks",
				);
				PRODUCT_BUNDLE_IDENTIFIER = "com.ri.State-BindingPropertyWrappers";
				PRODUCT_NAME = "$(TARGET_NAME)";
				SWIFT_VERSION = 5.0;
				TARGETED_DEVICE_FAMILY = "1,2";
			};
			name = Release;
		};
/* End XCBuildConfiguration section */

/* Begin XCConfigurationList section */
		1D934F1023DF81F100F99AE0 /* Build configuration list for PBXProject "State&BindingPropertyWrappers" */ = {
			isa = XCConfigurationList;
			buildConfigurations = (
				1D934F2723DF81F500F99AE0 /* Debug */,
				1D934F2823DF81F500F99AE0 /* Release */,
			);
			defaultConfigurationIsVisible = 0;
			defaultConfigurationName = Release;
		};
		1D934F2923DF81F500F99AE0 /* Build configuration list for PBXNativeTarget "State&BindingPropertyWrappers" */ = {
			isa = XCConfigurationList;
			buildConfigurations = (
				1D934F2A23DF81F500F99AE0 /* Debug */,
				1D934F2B23DF81F500F99AE0 /* Release */,
			);
			defaultConfigurationIsVisible = 0;
			defaultConfigurationName = Release;
		};
/* End XCConfigurationList section */
	};
	rootObject = 1D934F0D23DF81F100F99AE0 /* Project object */;
}
